
Microsoft Visual Studio Solution File, Format Version 12.00
# Visual Studio 2012
Project("{FAE04EC0-301F-11D3-BF4B-00C04F79EFBC}") = "Assignment2", "Assignment2\Assignment2.csproj", "{8FD9EBAC-A862-4922-8E06-3F7CB7799FC0}"
EndProject
Global
	GlobalSection(SolutionConfigurationPlatforms) = preSolution
		Debug|Any CPU = Debug|Any CPU
		Release|Any CPU = Release|Any CPU
	EndGlobalSection
	GlobalSection(ProjectConfigurationPlatforms) = postSolution
		{8FD9EBAC-A862-4922-8E06-3F7CB7799FC0}.Debug|Any CPU.ActiveCfg = Debug|Any CPU
		{8FD9EBAC-A862-4922-8E06-3F7CB7799FC0}.Debug|Any CPU.Build.0 = Debug|Any CPU
		{8FD9EBAC-A862-4922-8E06-3F7CB7799FC0}.Release|Any CPU.ActiveCfg = Release|Any CPU
		{8FD9EBAC-A862-4922-8E06-3F7CB7799FC0}.Release|Any CPU.Build.0 = Release|Any CPU
	EndGlobalSection
	GlobalSection(SolutionProperties) = preSolution
		HideSolutionNode = FALSE
	EndGlobalSection
EndGlobal
